// !$*UTF8*$!
{
	archiveVersion = 1;
	classes = {
	};
	objectVersion = 56;
	objects = {

/* Begin PBXBuildFile section */
		78640FF72C78C11A00E2F176 /* App864App.swift in Sources */ = {isa = PBXBuildFile; fileRef = 78640FF62C78C11A00E2F176 /* App864App.swift */; };
		78640FF92C78C11A00E2F176 /* ContentView.swift in Sources */ = {isa = PBXBuildFile; fileRef = 78640FF82C78C11A00E2F176 /* ContentView.swift */; };
		78640FFB2C78C11C00E2F176 /* Assets.xcassets in Resources */ = {isa = PBXBuildFile; fileRef = 78640FFA2C78C11C00E2F176 /* Assets.xcassets */; };
		78640FFF2C78C11C00E2F176 /* Preview Assets.xcassets in Resources */ = {isa = PBXBuildFile; fileRef = 78640FFE2C78C11C00E2F176 /* Preview Assets.xcassets */; };
		7864100F2C78C43500E2F176 /* Launch Screen.storyboard in Resources */ = {isa = PBXBuildFile; fileRef = 7864100E2C78C43500E2F176 /* Launch Screen.storyboard */; };
		786410122C78C43E00E2F176 /* CoreModel.xcdatamodeld in Sources */ = {isa = PBXBuildFile; fileRef = 786410102C78C43E00E2F176 /* CoreModel.xcdatamodeld */; };
		786410142C78C44800E2F176 /* LoadingView.swift in Sources */ = {isa = PBXBuildFile; fileRef = 786410132C78C44800E2F176 /* LoadingView.swift */; };
		786410162C78C44F00E2F176 /* U1.swift in Sources */ = {isa = PBXBuildFile; fileRef = 786410152C78C44F00E2F176 /* U1.swift */; };
		786410182C78C45500E2F176 /* Reviews.swift in Sources */ = {isa = PBXBuildFile; fileRef = 786410172C78C45500E2F176 /* Reviews.swift */; };
		7864101A2C78C4FB00E2F176 /* Not.swift in Sources */ = {isa = PBXBuildFile; fileRef = 786410192C78C4FB00E2F176 /* Not.swift */; };
		7864101C2C78C51C00E2F176 /* R1.swift in Sources */ = {isa = PBXBuildFile; fileRef = 7864101B2C78C51C00E2F176 /* R1.swift */; };
		786410202C78C53100E2F176 /* ProfileView.swift in Sources */ = {isa = PBXBuildFile; fileRef = 7864101F2C78C53100E2F176 /* ProfileView.swift */; };
		786410262C78C55300E2F176 /* SettingsView.swift in Sources */ = {isa = PBXBuildFile; fileRef = 786410252C78C55300E2F176 /* SettingsView.swift */; };
		786410282C78C55A00E2F176 /* NotesView.swift in Sources */ = {isa = PBXBuildFile; fileRef = 786410272C78C55A00E2F176 /* NotesView.swift */; };
		7864102A2C78C56200E2F176 /* VishlistView.swift in Sources */ = {isa = PBXBuildFile; fileRef = 786410292C78C56200E2F176 /* VishlistView.swift */; };
		7864102C2C78C56900E2F176 /* HomeView.swift in Sources */ = {isa = PBXBuildFile; fileRef = 7864102B2C78C56900E2F176 /* HomeView.swift */; };
		7864102E2C78C57100E2F176 /* HomeViewModel.swift in Sources */ = {isa = PBXBuildFile; fileRef = 7864102D2C78C57100E2F176 /* HomeViewModel.swift */; };
		786410302C78C5B000E2F176 /* CoreDataStack.swift in Sources */ = {isa = PBXBuildFile; fileRef = 7864102F2C78C5B000E2F176 /* CoreDataStack.swift */; };
		786410322C78C5BE00E2F176 /* Array.swift in Sources */ = {isa = PBXBuildFile; fileRef = 786410312C78C5BE00E2F176 /* Array.swift */; };
		786410352C78DD8300E2F176 /* AddDesire.swift in Sources */ = {isa = PBXBuildFile; fileRef = 786410342C78DD8300E2F176 /* AddDesire.swift */; };
		786410372C78E8AF00E2F176 /* WiahlistViewModel.swift in Sources */ = {isa = PBXBuildFile; fileRef = 786410362C78E8AF00E2F176 /* WiahlistViewModel.swift */; };
		7864103A2C78E96400E2F176 /* AddWish.swift in Sources */ = {isa = PBXBuildFile; fileRef = 786410392C78E96400E2F176 /* AddWish.swift */; };
		7864103C2C79363600E2F176 /* NotesViewModel.swift in Sources */ = {isa = PBXBuildFile; fileRef = 7864103B2C79363600E2F176 /* NotesViewModel.swift */; };
		7864103F2C7936AF00E2F176 /* AddNote.swift in Sources */ = {isa = PBXBuildFile; fileRef = 7864103E2C7936AF00E2F176 /* AddNote.swift */; };
		786410422C79C99800E2F176 /* NotDetail.swift in Sources */ = {isa = PBXBuildFile; fileRef = 786410412C79C99800E2F176 /* NotDetail.swift */; };
		786410442C79F9FA00E2F176 /* TabBar.swift in Sources */ = {isa = PBXBuildFile; fileRef = 786410432C79F9FA00E2F176 /* TabBar.swift */; };
		78A13DFE2C81F75900E7D8BC /* WishDetail.swift in Sources */ = {isa = PBXBuildFile; fileRef = 78A13DFD2C81F75900E7D8BC /* WishDetail.swift */; };
		78A13EA22C8A47EC00E7D8BC /* sort.swift in Sources */ = {isa = PBXBuildFile; fileRef = 78A13EA12C8A47EC00E7D8BC /* sort.swift */; };
		78A13EA42C8A47F800E7D8BC /* wyu.swift in Sources */ = {isa = PBXBuildFile; fileRef = 78A13EA32C8A47F800E7D8BC /* wyu.swift */; };
		78A13EA62C8A480000E7D8BC /* dsr.swift in Sources */ = {isa = PBXBuildFile; fileRef = 78A13EA52C8A480000E7D8BC /* dsr.swift */; };
		78A13EA92C8A487E00E7D8BC /* ApphudSDK in Frameworks */ = {isa = PBXBuildFile; productRef = 78A13EA82C8A487E00E7D8BC /* ApphudSDK */; };
/* End PBXBuildFile section */

/* Begin PBXFileReference section */
		78640FF32C78C11A00E2F176 /* App864.app */ = {isa = PBXFileReference; explicitFileType = wrapper.application; includeInIndex = 0; path = App864.app; sourceTree = BUILT_PRODUCTS_DIR; };
		78640FF62C78C11A00E2F176 /* App864App.swift */ = {isa = PBXFileReference; lastKnownFileType = sourcecode.swift; path = App864App.swift; sourceTree = "<group>"; };
		78640FF82C78C11A00E2F176 /* ContentView.swift */ = {isa = PBXFileReference; lastKnownFileType = sourcecode.swift; path = ContentView.swift; sourceTree = "<group>"; };
		78640FFA2C78C11C00E2F176 /* Assets.xcassets */ = {isa = PBXFileReference; lastKnownFileType = folder.assetcatalog; path = Assets.xcassets; sourceTree = "<group>"; };
		78640FFC2C78C11C00E2F176 /* App864.entitlements */ = {isa = PBXFileReference; lastKnownFileType = text.plist.entitlements; path = App864.entitlements; sourceTree = "<group>"; };
		78640FFE2C78C11C00E2F176 /* Preview Assets.xcassets */ = {isa = PBXFileReference; lastKnownFileType = folder.assetcatalog; path = "Preview Assets.xcassets"; sourceTree = "<group>"; };
		7864100E2C78C43500E2F176 /* Launch Screen.storyboard */ = {isa = PBXFileReference; lastKnownFileType = file.storyboard; path = "Launch Screen.storyboard"; sourceTree = "<group>"; };
		786410112C78C43E00E2F176 /* CoreModel.xcdatamodel */ = {isa = PBXFileReference; lastKnownFileType = wrapper.xcdatamodel; path = CoreModel.xcdatamodel; sourceTree = "<group>"; };
		786410132C78C44800E2F176 /* LoadingView.swift */ = {isa = PBXFileReference; lastKnownFileType = sourcecode.swift; path = LoadingView.swift; sourceTree = "<group>"; };
		786410152C78C44F00E2F176 /* U1.swift */ = {isa = PBXFileReference; lastKnownFileType = sourcecode.swift; path = U1.swift; sourceTree = "<group>"; };
		786410172C78C45500E2F176 /* Reviews.swift */ = {isa = PBXFileReference; lastKnownFileType = sourcecode.swift; path = Reviews.swift; sourceTree = "<group>"; };
		786410192C78C4FB00E2F176 /* Not.swift */ = {isa = PBXFileReference; lastKnownFileType = sourcecode.swift; path = Not.swift; sourceTree = "<group>"; };
		7864101B2C78C51C00E2F176 /* R1.swift */ = {isa = PBXFileReference; lastKnownFileType = sourcecode.swift; path = R1.swift; sourceTree = "<group>"; };
		7864101F2C78C53100E2F176 /* ProfileView.swift */ = {isa = PBXFileReference; lastKnownFileType = sourcecode.swift; path = ProfileView.swift; sourceTree = "<group>"; };
		786410252C78C55300E2F176 /* SettingsView.swift */ = {isa = PBXFileReference; lastKnownFileType = sourcecode.swift; path = SettingsView.swift; sourceTree = "<group>"; };
		786410272C78C55A00E2F176 /* NotesView.swift */ = {isa = PBXFileReference; lastKnownFileType = sourcecode.swift; path = NotesView.swift; sourceTree = "<group>"; };
		786410292C78C56200E2F176 /* VishlistView.swift */ = {isa = PBXFileReference; lastKnownFileType = sourcecode.swift; path = VishlistView.swift; sourceTree = "<group>"; };
		7864102B2C78C56900E2F176 /* HomeView.swift */ = {isa = PBXFileReference; lastKnownFileType = sourcecode.swift; path = HomeView.swift; sourceTree = "<group>"; };
		7864102D2C78C57100E2F176 /* HomeViewModel.swift */ = {isa = PBXFileReference; lastKnownFileType = sourcecode.swift; path = HomeViewModel.swift; sourceTree = "<group>"; };
		7864102F2C78C5B000E2F176 /* CoreDataStack.swift */ = {isa = PBXFileReference; lastKnownFileType = sourcecode.swift; path = CoreDataStack.swift; sourceTree = "<group>"; };
		786410312C78C5BE00E2F176 /* Array.swift */ = {isa = PBXFileReference; lastKnownFileType = sourcecode.swift; path = Array.swift; sourceTree = "<group>"; };
		786410342C78DD8300E2F176 /* AddDesire.swift */ = {isa = PBXFileReference; lastKnownFileType = sourcecode.swift; path = AddDesire.swift; sourceTree = "<group>"; };
		786410362C78E8AF00E2F176 /* WiahlistViewModel.swift */ = {isa = PBXFileReference; lastKnownFileType = sourcecode.swift; path = WiahlistViewModel.swift; sourceTree = "<group>"; };
		786410392C78E96400E2F176 /* AddWish.swift */ = {isa = PBXFileReference; lastKnownFileType = sourcecode.swift; path = AddWish.swift; sourceTree = "<group>"; };
		7864103B2C79363600E2F176 /* NotesViewModel.swift */ = {isa = PBXFileReference; lastKnownFileType = sourcecode.swift; path = NotesViewModel.swift; sourceTree = "<group>"; };
		7864103E2C7936AF00E2F176 /* AddNote.swift */ = {isa = PBXFileReference; lastKnownFileType = sourcecode.swift; path = AddNote.swift; sourceTree = "<group>"; };
		786410412C79C99800E2F176 /* NotDetail.swift */ = {isa = PBXFileReference; lastKnownFileType = sourcecode.swift; path = NotDetail.swift; sourceTree = "<group>"; };
		786410432C79F9FA00E2F176 /* TabBar.swift */ = {isa = PBXFileReference; lastKnownFileType = sourcecode.swift; path = TabBar.swift; sourceTree = "<group>"; };
		78A13DFD2C81F75900E7D8BC /* WishDetail.swift */ = {isa = PBXFileReference; lastKnownFileType = sourcecode.swift; path = WishDetail.swift; sourceTree = "<group>"; };
		78A13EA12C8A47EC00E7D8BC /* sort.swift */ = {isa = PBXFileReference; lastKnownFileType = sourcecode.swift; path = sort.swift; sourceTree = "<group>"; };
		78A13EA32C8A47F800E7D8BC /* wyu.swift */ = {isa = PBXFileReference; lastKnownFileType = sourcecode.swift; path = wyu.swift; sourceTree = "<group>"; };
		78A13EA52C8A480000E7D8BC /* dsr.swift */ = {isa = PBXFileReference; lastKnownFileType = sourcecode.swift; path = dsr.swift; sourceTree = "<group>"; };
/* End PBXFileReference section */

/* Begin PBXFrameworksBuildPhase section */
		78640FF02C78C11A00E2F176 /* Frameworks */ = {
			isa = PBXFrameworksBuildPhase;
			buildActionMask = 2147483647;
			files = (
				78A13EA92C8A487E00E7D8BC /* ApphudSDK in Frameworks */,
			);
			runOnlyForDeploymentPostprocessing = 0;
		};
/* End PBXFrameworksBuildPhase section */

/* Begin PBXGroup section */
		78640FEA2C78C11A00E2F176 = {
			isa = PBXGroup;
			children = (
				78640FF52C78C11A00E2F176 /* App864 */,
				78640FF42C78C11A00E2F176 /* Products */,
			);
			sourceTree = "<group>";
		};
		78640FF42C78C11A00E2F176 /* Products */ = {
			isa = PBXGroup;
			children = (
				78640FF32C78C11A00E2F176 /* App864.app */,
			);
			name = Products;
			sourceTree = "<group>";
		};
		78640FF52C78C11A00E2F176 /* App864 */ = {
			isa = PBXGroup;
			children = (
				786410052C78C40600E2F176 /* All */,
				78640FF62C78C11A00E2F176 /* App864App.swift */,
				78640FF82C78C11A00E2F176 /* ContentView.swift */,
				78640FFA2C78C11C00E2F176 /* Assets.xcassets */,
				78640FFC2C78C11C00E2F176 /* App864.entitlements */,
				78640FFD2C78C11C00E2F176 /* Preview Content */,
			);
			path = App864;
			sourceTree = "<group>";
		};
		78640FFD2C78C11C00E2F176 /* Preview Content */ = {
			isa = PBXGroup;
			children = (
				78640FFE2C78C11C00E2F176 /* Preview Assets.xcassets */,
			);
			path = "Preview Content";
			sourceTree = "<group>";
		};
		786410052C78C40600E2F176 /* All */ = {
			isa = PBXGroup;
			children = (
				786410092C78C41A00E2F176 /* Views */,
				786410082C78C41400E2F176 /* Extensions */,
				786410072C78C40E00E2F176 /* TabBar */,
				786410062C78C40B00E2F176 /* OB */,
			);
			path = All;
			sourceTree = "<group>";
		};
		786410062C78C40B00E2F176 /* OB */ = {
			isa = PBXGroup;
			children = (
				7864100D2C78C42E00E2F176 /* R */,
				7864100C2C78C42A00E2F176 /* U */,
				7864100B2C78C42500E2F176 /* LV */,
				7864100A2C78C41F00E2F176 /* LS */,
			);
			path = OB;
			sourceTree = "<group>";
		};
		786410072C78C40E00E2F176 /* TabBar */ = {
			isa = PBXGroup;
			children = (
				786410432C79F9FA00E2F176 /* TabBar.swift */,
			);
			path = TabBar;
			sourceTree = "<group>";
		};
		786410082C78C41400E2F176 /* Extensions */ = {
			isa = PBXGroup;
			children = (
				786410102C78C43E00E2F176 /* CoreModel.xcdatamodeld */,
				7864102F2C78C5B000E2F176 /* CoreDataStack.swift */,
				786410312C78C5BE00E2F176 /* Array.swift */,
				78A13EA12C8A47EC00E7D8BC /* sort.swift */,
				78A13EA32C8A47F800E7D8BC /* wyu.swift */,
				78A13EA52C8A480000E7D8BC /* dsr.swift */,
			);
			path = Extensions;
			sourceTree = "<group>";
		};
		786410092C78C41A00E2F176 /* Views */ = {
			isa = PBXGroup;
			children = (
				786410242C78C54800E2F176 /* Settings */,
				786410232C78C54200E2F176 /* Notes */,
				786410222C78C53B00E2F176 /* Vishlist */,
				786410212C78C53400E2F176 /* Home */,
			);
			path = Views;
			sourceTree = "<group>";
		};
		7864100A2C78C41F00E2F176 /* LS */ = {
			isa = PBXGroup;
			children = (
				7864100E2C78C43500E2F176 /* Launch Screen.storyboard */,
			);
			path = LS;
			sourceTree = "<group>";
		};
		7864100B2C78C42500E2F176 /* LV */ = {
			isa = PBXGroup;
			children = (
				786410132C78C44800E2F176 /* LoadingView.swift */,
			);
			path = LV;
			sourceTree = "<group>";
		};
		7864100C2C78C42A00E2F176 /* U */ = {
			isa = PBXGroup;
			children = (
				786410152C78C44F00E2F176 /* U1.swift */,
				786410172C78C45500E2F176 /* Reviews.swift */,
				786410192C78C4FB00E2F176 /* Not.swift */,
			);
			path = U;
			sourceTree = "<group>";
		};
		7864100D2C78C42E00E2F176 /* R */ = {
			isa = PBXGroup;
			children = (
				7864101B2C78C51C00E2F176 /* R1.swift */,
				7864101F2C78C53100E2F176 /* ProfileView.swift */,
			);
			path = R;
			sourceTree = "<group>";
		};
		786410212C78C53400E2F176 /* Home */ = {
			isa = PBXGroup;
			children = (
				786410332C78DD7A00E2F176 /* AddDesire */,
				7864102B2C78C56900E2F176 /* HomeView.swift */,
				7864102D2C78C57100E2F176 /* HomeViewModel.swift */,
			);
			path = Home;
			sourceTree = "<group>";
		};
		786410222C78C53B00E2F176 /* Vishlist */ = {
			isa = PBXGroup;
			children = (
				78A13DFC2C81F75000E7D8BC /* WishDetail */,
				786410382C78E95A00E2F176 /* AddWish */,
				786410292C78C56200E2F176 /* VishlistView.swift */,
				786410362C78E8AF00E2F176 /* WiahlistViewModel.swift */,
			);
			path = Vishlist;
			sourceTree = "<group>";
		};
		786410232C78C54200E2F176 /* Notes */ = {
			isa = PBXGroup;
			children = (
				786410402C79C99000E2F176 /* NotDetail */,
				7864103D2C7936A600E2F176 /* AddNote */,
				786410272C78C55A00E2F176 /* NotesView.swift */,
				7864103B2C79363600E2F176 /* NotesViewModel.swift */,
			);
			path = Notes;
			sourceTree = "<group>";
		};
		786410242C78C54800E2F176 /* Settings */ = {
			isa = PBXGroup;
			children = (
				786410252C78C55300E2F176 /* SettingsView.swift */,
			);
			path = Settings;
			sourceTree = "<group>";
		};
		786410332C78DD7A00E2F176 /* AddDesire */ = {
			isa = PBXGroup;
			children = (
				786410342C78DD8300E2F176 /* AddDesire.swift */,
			);
			path = AddDesire;
			sourceTree = "<group>";
		};
		786410382C78E95A00E2F176 /* AddWish */ = {
			isa = PBXGroup;
			children = (
				786410392C78E96400E2F176 /* AddWish.swift */,
			);
			path = AddWish;
			sourceTree = "<group>";
		};
		7864103D2C7936A600E2F176 /* AddNote */ = {
			isa = PBXGroup;
			children = (
				7864103E2C7936AF00E2F176 /* AddNote.swift */,
			);
			path = AddNote;
			sourceTree = "<group>";
		};
		786410402C79C99000E2F176 /* NotDetail */ = {
			isa = PBXGroup;
			children = (
				786410412C79C99800E2F176 /* NotDetail.swift */,
			);
			path = NotDetail;
			sourceTree = "<group>";
		};
		78A13DFC2C81F75000E7D8BC /* WishDetail */ = {
			isa = PBXGroup;
			children = (
				78A13DFD2C81F75900E7D8BC /* WishDetail.swift */,
			);
			path = WishDetail;
			sourceTree = "<group>";
		};
/* End PBXGroup section */

/* Begin PBXNativeTarget section */
		78640FF22C78C11A00E2F176 /* App864 */ = {
			isa = PBXNativeTarget;
			buildConfigurationList = 786410022C78C11C00E2F176 /* Build configuration list for PBXNativeTarget "App864" */;
			buildPhases = (
				78640FEF2C78C11A00E2F176 /* Sources */,
				78640FF02C78C11A00E2F176 /* Frameworks */,
				78640FF12C78C11A00E2F176 /* Resources */,
			);
			buildRules = (
			);
			dependencies = (
			);
			name = App864;
			packageProductDependencies = (
				78A13EA82C8A487E00E7D8BC /* ApphudSDK */,
			);
			productName = App864;
			productReference = 78640FF32C78C11A00E2F176 /* App864.app */;
			productType = "com.apple.product-type.application";
		};
/* End PBXNativeTarget section */

/* Begin PBXProject section */
		78640FEB2C78C11A00E2F176 /* Project object */ = {
			isa = PBXProject;
			attributes = {
				BuildIndependentTargetsInParallel = 1;
				LastSwiftUpdateCheck = 1540;
				LastUpgradeCheck = 1540;
				TargetAttributes = {
					78640FF22C78C11A00E2F176 = {
						CreatedOnToolsVersion = 15.4;
					};
				};
			};
			buildConfigurationList = 78640FEE2C78C11A00E2F176 /* Build configuration list for PBXProject "App864" */;
			compatibilityVersion = "Xcode 14.0";
			developmentRegion = en;
			hasScannedForEncodings = 0;
			knownRegions = (
				en,
				Base,
			);
			mainGroup = 78640FEA2C78C11A00E2F176;
			packageReferences = (
				78A13EA72C8A487E00E7D8BC /* XCRemoteSwiftPackageReference "ApphudSDK" */,
			);
			productRefGroup = 78640FF42C78C11A00E2F176 /* Products */;
			projectDirPath = "";
			projectRoot = "";
			targets = (
				78640FF22C78C11A00E2F176 /* App864 */,
			);
		};
/* End PBXProject section */

/* Begin PBXResourcesBuildPhase section */
		78640FF12C78C11A00E2F176 /* Resources */ = {
			isa = PBXResourcesBuildPhase;
			buildActionMask = 2147483647;
			files = (
				7864100F2C78C43500E2F176 /* Launch Screen.storyboard in Resources */,
				78640FFF2C78C11C00E2F176 /* Preview Assets.xcassets in Resources */,
				78640FFB2C78C11C00E2F176 /* Assets.xcassets in Resources */,
			);
			runOnlyForDeploymentPostprocessing = 0;
		};
/* End PBXResourcesBuildPhase section */

/* Begin PBXSourcesBuildPhase section */
		78640FEF2C78C11A00E2F176 /* Sources */ = {
			isa = PBXSourcesBuildPhase;
			buildActionMask = 2147483647;
			files = (
				786410302C78C5B000E2F176 /* CoreDataStack.swift in Sources */,
				786410372C78E8AF00E2F176 /* WiahlistViewModel.swift in Sources */,
				7864103A2C78E96400E2F176 /* AddWish.swift in Sources */,
				786410352C78DD8300E2F176 /* AddDesire.swift in Sources */,
				78640FF92C78C11A00E2F176 /* ContentView.swift in Sources */,
				786410202C78C53100E2F176 /* ProfileView.swift in Sources */,
				7864102C2C78C56900E2F176 /* HomeView.swift in Sources */,
				7864103F2C7936AF00E2F176 /* AddNote.swift in Sources */,
				7864102A2C78C56200E2F176 /* VishlistView.swift in Sources */,
				786410322C78C5BE00E2F176 /* Array.swift in Sources */,
				786410142C78C44800E2F176 /* LoadingView.swift in Sources */,
				786410122C78C43E00E2F176 /* CoreModel.xcdatamodeld in Sources */,
				786410182C78C45500E2F176 /* Reviews.swift in Sources */,
				786410262C78C55300E2F176 /* SettingsView.swift in Sources */,
				786410282C78C55A00E2F176 /* NotesView.swift in Sources */,
				78A13EA22C8A47EC00E7D8BC /* sort.swift in Sources */,
				78A13EA62C8A480000E7D8BC /* dsr.swift in Sources */,
				7864102E2C78C57100E2F176 /* HomeViewModel.swift in Sources */,
				7864101A2C78C4FB00E2F176 /* Not.swift in Sources */,
				78A13DFE2C81F75900E7D8BC /* WishDetail.swift in Sources */,
				78A13EA42C8A47F800E7D8BC /* wyu.swift in Sources */,
				7864103C2C79363600E2F176 /* NotesViewModel.swift in Sources */,
				786410422C79C99800E2F176 /* NotDetail.swift in Sources */,
				786410162C78C44F00E2F176 /* U1.swift in Sources */,
				7864101C2C78C51C00E2F176 /* R1.swift in Sources */,
				78640FF72C78C11A00E2F176 /* App864App.swift in Sources */,
				786410442C79F9FA00E2F176 /* TabBar.swift in Sources */,
			);
			runOnlyForDeploymentPostprocessing = 0;
		};
/* End PBXSourcesBuildPhase section */

/* Begin XCBuildConfiguration section */
		786410002C78C11C00E2F176 /* Debug */ = {
			isa = XCBuildConfiguration;
			buildSettings = {
				ALWAYS_SEARCH_USER_PATHS = NO;
				ASSETCATALOG_COMPILER_GENERATE_SWIFT_ASSET_SYMBOL_EXTENSIONS = YES;
				CLANG_ANALYZER_NONNULL = YES;
				CLANG_ANALYZER_NUMBER_OBJECT_CONVERSION = YES_AGGRESSIVE;
				CLANG_CXX_LANGUAGE_STANDARD = "gnu++20";
				CLANG_ENABLE_MODULES = YES;
				CLANG_ENABLE_OBJC_ARC = YES;
				CLANG_ENABLE_OBJC_WEAK = YES;
				CLANG_WARN_BLOCK_CAPTURE_AUTORELEASING = YES;
				CLANG_WARN_BOOL_CONVERSION = YES;
				CLANG_WARN_COMMA = YES;
				CLANG_WARN_CONSTANT_CONVERSION = YES;
				CLANG_WARN_DEPRECATED_OBJC_IMPLEMENTATIONS = YES;
				CLANG_WARN_DIRECT_OBJC_ISA_USAGE = YES_ERROR;
				CLANG_WARN_DOCUMENTATION_COMMENTS = YES;
				CLANG_WARN_EMPTY_BODY = YES;
				CLANG_WARN_ENUM_CONVERSION = YES;
				CLANG_WARN_INFINITE_RECURSION = YES;
				CLANG_WARN_INT_CONVERSION = YES;
				CLANG_WARN_NON_LITERAL_NULL_CONVERSION = YES;
				CLANG_WARN_OBJC_IMPLICIT_RETAIN_SELF = YES;
				CLANG_WARN_OBJC_LITERAL_CONVERSION = YES;
				CLANG_WARN_OBJC_ROOT_CLASS = YES_ERROR;
				CLANG_WARN_QUOTED_INCLUDE_IN_FRAMEWORK_HEADER = YES;
				CLANG_WARN_RANGE_LOOP_ANALYSIS = YES;
				CLANG_WARN_STRICT_PROTOTYPES = YES;
				CLANG_WARN_SUSPICIOUS_MOVE = YES;
				CLANG_WARN_UNGUARDED_AVAILABILITY = YES_AGGRESSIVE;
				CLANG_WARN_UNREACHABLE_CODE = YES;
				CLANG_WARN__DUPLICATE_METHOD_MATCH = YES;
				COPY_PHASE_STRIP = NO;
				DEBUG_INFORMATION_FORMAT = dwarf;
				ENABLE_STRICT_OBJC_MSGSEND = YES;
				ENABLE_TESTABILITY = YES;
				ENABLE_USER_SCRIPT_SANDBOXING = YES;
				GCC_C_LANGUAGE_STANDARD = gnu17;
				GCC_DYNAMIC_NO_PIC = NO;
				GCC_NO_COMMON_BLOCKS = YES;
				GCC_OPTIMIZATION_LEVEL = 0;
				GCC_PREPROCESSOR_DEFINITIONS = (
					"DEBUG=1",
					"$(inherited)",
				);
				GCC_WARN_64_TO_32_BIT_CONVERSION = YES;
				GCC_WARN_ABOUT_RETURN_TYPE = YES_ERROR;
				GCC_WARN_UNDECLARED_SELECTOR = YES;
				GCC_WARN_UNINITIALIZED_AUTOS = YES_AGGRESSIVE;
				GCC_WARN_UNUSED_FUNCTION = YES;
				GCC_WARN_UNUSED_VARIABLE = YES;
				LOCALIZATION_PREFERS_STRING_CATALOGS = YES;
				MTL_ENABLE_DEBUG_INFO = INCLUDE_SOURCE;
				MTL_FAST_MATH = YES;
				ONLY_ACTIVE_ARCH = YES;
				SWIFT_ACTIVE_COMPILATION_CONDITIONS = "DEBUG $(inherited)";
				SWIFT_OPTIMIZATION_LEVEL = "-Onone";
			};
			name = Debug;
		};
		786410012C78C11C00E2F176 /* Release */ = {
			isa = XCBuildConfiguration;
			buildSettings = {
				ALWAYS_SEARCH_USER_PATHS = NO;
				ASSETCATALOG_COMPILER_GENERATE_SWIFT_ASSET_SYMBOL_EXTENSIONS = YES;
				CLANG_ANALYZER_NONNULL = YES;
				CLANG_ANALYZER_NUMBER_OBJECT_CONVERSION = YES_AGGRESSIVE;
				CLANG_CXX_LANGUAGE_STANDARD = "gnu++20";
				CLANG_ENABLE_MODULES = YES;
				CLANG_ENABLE_OBJC_ARC = YES;
				CLANG_ENABLE_OBJC_WEAK = YES;
				CLANG_WARN_BLOCK_CAPTURE_AUTORELEASING = YES;
				CLANG_WARN_BOOL_CONVERSION = YES;
				CLANG_WARN_COMMA = YES;
				CLANG_WARN_CONSTANT_CONVERSION = YES;
				CLANG_WARN_DEPRECATED_OBJC_IMPLEMENTATIONS = YES;
				CLANG_WARN_DIRECT_OBJC_ISA_USAGE = YES_ERROR;
				CLANG_WARN_DOCUMENTATION_COMMENTS = YES;
				CLANG_WARN_EMPTY_BODY = YES;
				CLANG_WARN_ENUM_CONVERSION = YES;
				CLANG_WARN_INFINITE_RECURSION = YES;
				CLANG_WARN_INT_CONVERSION = YES;
				CLANG_WARN_NON_LITERAL_NULL_CONVERSION = YES;
				CLANG_WARN_OBJC_IMPLICIT_RETAIN_SELF = YES;
				CLANG_WARN_OBJC_LITERAL_CONVERSION = YES;
				CLANG_WARN_OBJC_ROOT_CLASS = YES_ERROR;
				CLANG_WARN_QUOTED_INCLUDE_IN_FRAMEWORK_HEADER = YES;
				CLANG_WARN_RANGE_LOOP_ANALYSIS = YES;
				CLANG_WARN_STRICT_PROTOTYPES = YES;
				CLANG_WARN_SUSPICIOUS_MOVE = YES;
				CLANG_WARN_UNGUARDED_AVAILABILITY = YES_AGGRESSIVE;
				CLANG_WARN_UNREACHABLE_CODE = YES;
				CLANG_WARN__DUPLICATE_METHOD_MATCH = YES;
				COPY_PHASE_STRIP = NO;
				DEBUG_INFORMATION_FORMAT = "dwarf-with-dsym";
				ENABLE_NS_ASSERTIONS = NO;
				ENABLE_STRICT_OBJC_MSGSEND = YES;
				ENABLE_USER_SCRIPT_SANDBOXING = YES;
				GCC_C_LANGUAGE_STANDARD = gnu17;
				GCC_NO_COMMON_BLOCKS = YES;
				GCC_WARN_64_TO_32_BIT_CONVERSION = YES;
				GCC_WARN_ABOUT_RETURN_TYPE = YES_ERROR;
				GCC_WARN_UNDECLARED_SELECTOR = YES;
				GCC_WARN_UNINITIALIZED_AUTOS = YES_AGGRESSIVE;
				GCC_WARN_UNUSED_FUNCTION = YES;
				GCC_WARN_UNUSED_VARIABLE = YES;
				LOCALIZATION_PREFERS_STRING_CATALOGS = YES;
				MTL_ENABLE_DEBUG_INFO = NO;
				MTL_FAST_MATH = YES;
				SWIFT_COMPILATION_MODE = wholemodule;
			};
			name = Release;
		};
		786410032C78C11C00E2F176 /* Debug */ = {
			isa = XCBuildConfiguration;
			buildSettings = {
				ASSETCATALOG_COMPILER_APPICON_NAME = AppIcon;
				ASSETCATALOG_COMPILER_GLOBAL_ACCENT_COLOR_NAME = AccentColor;
				CODE_SIGN_ENTITLEMENTS = App864/App864.entitlements;
				CODE_SIGN_STYLE = Automatic;
				CURRENT_PROJECT_VERSION = 1;
				DEVELOPMENT_ASSET_PATHS = "\"App864/Preview Content\"";
				ENABLE_PREVIEWS = YES;
				GENERATE_INFOPLIST_FILE = YES;
				INFOPLIST_KEY_CFBundleDisplayName = "Pōсkēt Ōptiōń Admiral Vision";
				"INFOPLIST_KEY_UIApplicationSceneManifest_Generation[sdk=iphoneos*]" = YES;
				"INFOPLIST_KEY_UIApplicationSceneManifest_Generation[sdk=iphonesimulator*]" = YES;
				"INFOPLIST_KEY_UIApplicationSupportsIndirectInputEvents[sdk=iphoneos*]" = YES;
				"INFOPLIST_KEY_UIApplicationSupportsIndirectInputEvents[sdk=iphonesimulator*]" = YES;
				"INFOPLIST_KEY_UILaunchScreen_Generation[sdk=iphoneos*]" = YES;
				"INFOPLIST_KEY_UILaunchScreen_Generation[sdk=iphonesimulator*]" = YES;
				INFOPLIST_KEY_UILaunchStoryboardName = "Launch Screen.storyboard";
				"INFOPLIST_KEY_UIStatusBarStyle[sdk=iphoneos*]" = UIStatusBarStyleDefault;
				"INFOPLIST_KEY_UIStatusBarStyle[sdk=iphonesimulator*]" = UIStatusBarStyleDefault;
				INFOPLIST_KEY_UISupportedInterfaceOrientations = UIInterfaceOrientationPortrait;
				INFOPLIST_KEY_UISupportedInterfaceOrientations_iPad = "UIInterfaceOrientationLandscapeLeft UIInterfaceOrientationLandscapeRight UIInterfaceOrientationPortrait UIInterfaceOrientationPortraitUpsideDown";
				IPHONEOS_DEPLOYMENT_TARGET = 14.0;
				LD_RUNPATH_SEARCH_PATHS = "@executable_path/Frameworks";
				"LD_RUNPATH_SEARCH_PATHS[sdk=macosx*]" = "@executable_path/../Frameworks";
				MACOSX_DEPLOYMENT_TARGET = 14.1;
				MARKETING_VERSION = 1.1;
				PRODUCT_BUNDLE_IDENTIFIER = IOI.App864;
				PRODUCT_NAME = "$(TARGET_NAME)";
				SDKROOT = auto;
				SUPPORTED_PLATFORMS = "iphoneos iphonesimulator";
				SUPPORTS_MACCATALYST = NO;
				SWIFT_EMIT_LOC_STRINGS = YES;
				SWIFT_VERSION = 5.0;
				TARGETED_DEVICE_FAMILY = 1;
			};
			name = Debug;
		};
		786410042C78C11C00E2F176 /* Release */ = {
			isa = XCBuildConfiguration;
			buildSettings = {
				ASSETCATALOG_COMPILER_APPICON_NAME = AppIcon;
				ASSETCATALOG_COMPILER_GLOBAL_ACCENT_COLOR_NAME = AccentColor;
				CODE_SIGN_ENTITLEMENTS = App864/App864.entitlements;
				CODE_SIGN_STYLE = Automatic;
				CURRENT_PROJECT_VERSION = 1;
				DEVELOPMENT_ASSET_PATHS = "\"App864/Preview Content\"";
				ENABLE_PREVIEWS = YES;
				GENERATE_INFOPLIST_FILE = YES;
				INFOPLIST_KEY_CFBundleDisplayName = "Pōсkēt Ōptiōń Admiral Vision";
				"INFOPLIST_KEY_UIApplicationSceneManifest_Generation[sdk=iphoneos*]" = YES;
				"INFOPLIST_KEY_UIApplicationSceneManifest_Generation[sdk=iphonesimulator*]" = YES;
				"INFOPLIST_KEY_UIApplicationSupportsIndirectInputEvents[sdk=iphoneos*]" = YES;
				"INFOPLIST_KEY_UIApplicationSupportsIndirectInputEvents[sdk=iphonesimulator*]" = YES;
				"INFOPLIST_KEY_UILaunchScreen_Generation[sdk=iphoneos*]" = YES;
				"INFOPLIST_KEY_UILaunchScreen_Generation[sdk=iphonesimulator*]" = YES;
				INFOPLIST_KEY_UILaunchStoryboardName = "Launch Screen.storyboard";
				"INFOPLIST_KEY_UIStatusBarStyle[sdk=iphoneos*]" = UIStatusBarStyleDefault;
				"INFOPLIST_KEY_UIStatusBarStyle[sdk=iphonesimulator*]" = UIStatusBarStyleDefault;
				INFOPLIST_KEY_UISupportedInterfaceOrientations = UIInterfaceOrientationPortrait;
				INFOPLIST_KEY_UISupportedInterfaceOrientations_iPad = "UIInterfaceOrientationLandscapeLeft UIInterfaceOrientationLandscapeRight UIInterfaceOrientationPortrait UIInterfaceOrientationPortraitUpsideDown";
				IPHONEOS_DEPLOYMENT_TARGET = 14.0;
				LD_RUNPATH_SEARCH_PATHS = "@executable_path/Frameworks";
				"LD_RUNPATH_SEARCH_PATHS[sdk=macosx*]" = "@executable_path/../Frameworks";
				MACOSX_DEPLOYMENT_TARGET = 14.1;
				MARKETING_VERSION = 1.1;
				PRODUCT_BUNDLE_IDENTIFIER = IOI.App864;
				PRODUCT_NAME = "$(TARGET_NAME)";
				SDKROOT = auto;
				SUPPORTED_PLATFORMS = "iphoneos iphonesimulator";
				SUPPORTS_MACCATALYST = NO;
				SWIFT_EMIT_LOC_STRINGS = YES;
				SWIFT_VERSION = 5.0;
				TARGETED_DEVICE_FAMILY = 1;
			};
			name = Release;
		};
/* End XCBuildConfiguration section */

/* Begin XCConfigurationList section */
		78640FEE2C78C11A00E2F176 /* Build configuration list for PBXProject "App864" */ = {
			isa = XCConfigurationList;
			buildConfigurations = (
				786410002C78C11C00E2F176 /* Debug */,
				786410012C78C11C00E2F176 /* Release */,
			);
			defaultConfigurationIsVisible = 0;
			defaultConfigurationName = Release;
		};
		786410022C78C11C00E2F176 /* Build configuration list for PBXNativeTarget "App864" */ = {
			isa = XCConfigurationList;
			buildConfigurations = (
				786410032C78C11C00E2F176 /* Debug */,
				786410042C78C11C00E2F176 /* Release */,
			);
			defaultConfigurationIsVisible = 0;
			defaultConfigurationName = Release;
		};
/* End XCConfigurationList section */

/* Begin XCRemoteSwiftPackageReference section */
		78A13EA72C8A487E00E7D8BC /* XCRemoteSwiftPackageReference "ApphudSDK" */ = {
			isa = XCRemoteSwiftPackageReference;
			repositoryURL = "https://github.com/apphud/ApphudSDK.git";
			requirement = {
				kind = upToNextMajorVersion;
				minimumVersion = 3.4.0;
			};
		};
/* End XCRemoteSwiftPackageReference section */

/* Begin XCSwiftPackageProductDependency section */
		78A13EA82C8A487E00E7D8BC /* ApphudSDK */ = {
			isa = XCSwiftPackageProductDependency;
			package = 78A13EA72C8A487E00E7D8BC /* XCRemoteSwiftPackageReference "ApphudSDK" */;
			productName = ApphudSDK;
		};
/* End XCSwiftPackageProductDependency section */

/* Begin XCVersionGroup section */
		786410102C78C43E00E2F176 /* CoreModel.xcdatamodeld */ = {
			isa = XCVersionGroup;
			children = (
				786410112C78C43E00E2F176 /* CoreModel.xcdatamodel */,
			);
			currentVersion = 786410112C78C43E00E2F176 /* CoreModel.xcdatamodel */;
			name = CoreModel.xcdatamodeld;
			path = /Users/igor/Documents/Applications/App864/App864/All/Extensions/CoreModel.xcdatamodeld;
			sourceTree = "<group>";
			versionGroupType = wrapper.xcdatamodel;
		};
/* End XCVersionGroup section */
	};
	rootObject = 78640FEB2C78C11A00E2F176 /* Project object */;
}
